
Microsoft Visual Studio Solution File, Format Version 12.00
# Visual Studio 14
VisualStudioVersion = 14.0.25420.1
MinimumVisualStudioVersion = 10.0.40219.1
Project("{FAE04EC0-301F-11D3-BF4B-00C04F79EFBC}") = "AdpterPattern", "AdpterPattern\AdpterPattern.csproj", "{2348B810-4970-4B49-B839-492338FAA74A}"
EndProject
Project("{FAE04EC0-301F-11D3-BF4B-00C04F79EFBC}") = "SimpleFactory", "SimpleFactory\SimpleFactory.csproj", "{35A3A267-4ECC-411D-A163-E718A17AED30}"
EndProject
Project("{FAE04EC0-301F-11D3-BF4B-00C04F79EFBC}") = "FactoryMethodPattern", "FactoryMethodPattern\FactoryMethodPattern.csproj", "{81DD9CC8-42FD-4BC7-8E1A-030CB7DA8576}"
EndProject
Project("{FAE04EC0-301F-11D3-BF4B-00C04F79EFBC}") = "ObserverPattern", "ObserverPattern\ObserverPattern.csproj", "{D3D657F1-A949-4BF4-B8A5-280C8024C398}"
EndProject
Project("{FAE04EC0-301F-11D3-BF4B-00C04F79EFBC}") = "BridgePattern", "BridgePattern\BridgePattern.csproj", "{AB99CF29-C71A-4F11-9E81-7DE2FB2AE96C}"
EndProject
Project("{FAE04EC0-301F-11D3-BF4B-00C04F79EFBC}") = "ProxyPattern", "ProxyPattern\ProxyPattern.csproj", "{41A8AFD7-9699-44F2-A992-5340E717BFCD}"
EndProject
Project("{FAE04EC0-301F-11D3-BF4B-00C04F79EFBC}") = "DecoratePattern", "DecoratePattern\DecoratePattern\DecoratePattern.csproj", "{863663A6-A2AF-4FAA-9FBD-75C8100420DB}"
EndProject
Project("{FAE04EC0-301F-11D3-BF4B-00C04F79EFBC}") = "DecoratorTests", "DecoratePattern\DecoratePatternTests\DecoratorTests.csproj", "{9A6F47AF-A80C-4338-B1CB-6CC3D43B693B}"
EndProject
Global
	GlobalSection(SolutionConfigurationPlatforms) = preSolution
		Debug|Any CPU = Debug|Any CPU
		Release|Any CPU = Release|Any CPU
	EndGlobalSection
	GlobalSection(ProjectConfigurationPlatforms) = postSolution
		{2348B810-4970-4B49-B839-492338FAA74A}.Debug|Any CPU.ActiveCfg = Debug|Any CPU
		{2348B810-4970-4B49-B839-492338FAA74A}.Debug|Any CPU.Build.0 = Debug|Any CPU
		{2348B810-4970-4B49-B839-492338FAA74A}.Release|Any CPU.ActiveCfg = Release|Any CPU
		{2348B810-4970-4B49-B839-492338FAA74A}.Release|Any CPU.Build.0 = Release|Any CPU
		{35A3A267-4ECC-411D-A163-E718A17AED30}.Debug|Any CPU.ActiveCfg = Debug|Any CPU
		{35A3A267-4ECC-411D-A163-E718A17AED30}.Debug|Any CPU.Build.0 = Debug|Any CPU
		{35A3A267-4ECC-411D-A163-E718A17AED30}.Release|Any CPU.ActiveCfg = Release|Any CPU
		{35A3A267-4ECC-411D-A163-E718A17AED30}.Release|Any CPU.Build.0 = Release|Any CPU
		{81DD9CC8-42FD-4BC7-8E1A-030CB7DA8576}.Debug|Any CPU.ActiveCfg = Debug|Any CPU
		{81DD9CC8-42FD-4BC7-8E1A-030CB7DA8576}.Debug|Any CPU.Build.0 = Debug|Any CPU
		{81DD9CC8-42FD-4BC7-8E1A-030CB7DA8576}.Release|Any CPU.ActiveCfg = Release|Any CPU
		{81DD9CC8-42FD-4BC7-8E1A-030CB7DA8576}.Release|Any CPU.Build.0 = Release|Any CPU
		{D3D657F1-A949-4BF4-B8A5-280C8024C398}.Debug|Any CPU.ActiveCfg = Debug|Any CPU
		{D3D657F1-A949-4BF4-B8A5-280C8024C398}.Debug|Any CPU.Build.0 = Debug|Any CPU
		{D3D657F1-A949-4BF4-B8A5-280C8024C398}.Release|Any CPU.ActiveCfg = Release|Any CPU
		{D3D657F1-A949-4BF4-B8A5-280C8024C398}.Release|Any CPU.Build.0 = Release|Any CPU
		{AB99CF29-C71A-4F11-9E81-7DE2FB2AE96C}.Debug|Any CPU.ActiveCfg = Debug|Any CPU
		{AB99CF29-C71A-4F11-9E81-7DE2FB2AE96C}.Debug|Any CPU.Build.0 = Debug|Any CPU
		{AB99CF29-C71A-4F11-9E81-7DE2FB2AE96C}.Release|Any CPU.ActiveCfg = Release|Any CPU
		{AB99CF29-C71A-4F11-9E81-7DE2FB2AE96C}.Release|Any CPU.Build.0 = Release|Any CPU
		{41A8AFD7-9699-44F2-A992-5340E717BFCD}.Debug|Any CPU.ActiveCfg = Debug|Any CPU
		{41A8AFD7-9699-44F2-A992-5340E717BFCD}.Debug|Any CPU.Build.0 = Debug|Any CPU
		{41A8AFD7-9699-44F2-A992-5340E717BFCD}.Release|Any CPU.ActiveCfg = Release|Any CPU
		{41A8AFD7-9699-44F2-A992-5340E717BFCD}.Release|Any CPU.Build.0 = Release|Any CPU
		{863663A6-A2AF-4FAA-9FBD-75C8100420DB}.Debug|Any CPU.ActiveCfg = Debug|Any CPU
		{863663A6-A2AF-4FAA-9FBD-75C8100420DB}.Debug|Any CPU.Build.0 = Debug|Any CPU
		{863663A6-A2AF-4FAA-9FBD-75C8100420DB}.Release|Any CPU.ActiveCfg = Release|Any CPU
		{863663A6-A2AF-4FAA-9FBD-75C8100420DB}.Release|Any CPU.Build.0 = Release|Any CPU
		{9A6F47AF-A80C-4338-B1CB-6CC3D43B693B}.Debug|Any CPU.ActiveCfg = Debug|Any CPU
		{9A6F47AF-A80C-4338-B1CB-6CC3D43B693B}.Debug|Any CPU.Build.0 = Debug|Any CPU
		{9A6F47AF-A80C-4338-B1CB-6CC3D43B693B}.Release|Any CPU.ActiveCfg = Release|Any CPU
		{9A6F47AF-A80C-4338-B1CB-6CC3D43B693B}.Release|Any CPU.Build.0 = Release|Any CPU
	EndGlobalSection
	GlobalSection(SolutionProperties) = preSolution
		HideSolutionNode = FALSE
	EndGlobalSection
EndGlobal
