
Microsoft Visual Studio Solution File, Format Version 12.00
# Visual Studio 14
VisualStudioVersion = 14.0.25420.1
MinimumVisualStudioVersion = 10.0.40219.1
Project("{FAE04EC0-301F-11D3-BF4B-00C04F79EFBC}") = "AdpterPattern", "AdpterPattern\AdpterPattern.csproj", "{2348B810-4970-4B49-B839-492338FAA74A}"
EndProject
Project("{FAE04EC0-301F-11D3-BF4B-00C04F79EFBC}") = "SimpleFactory", "SimpleFactory\SimpleFactory.csproj", "{35A3A267-4ECC-411D-A163-E718A17AED30}"
EndProject
Project("{FAE04EC0-301F-11D3-BF4B-00C04F79EFBC}") = "FactoryMethodPattern", "FactoryMethodPattern\FactoryMethodPattern.csproj", "{81DD9CC8-42FD-4BC7-8E1A-030CB7DA8576}"
EndProject
Project("{FAE04EC0-301F-11D3-BF4B-00C04F79EFBC}") = "ObserverPattern", "ObserverPattern\ObserverPattern.csproj", "{D3D657F1-A949-4BF4-B8A5-280C8024C398}"
EndProject
Project("{FAE04EC0-301F-11D3-BF4B-00C04F79EFBC}") = "BridgePattern", "BridgePattern\BridgePattern.csproj", "{AB99CF29-C71A-4F11-9E81-7DE2FB2AE96C}"
EndProject
Project("{FAE04EC0-301F-11D3-BF4B-00C04F79EFBC}") = "ProxyPattern", "ProxyPattern\ProxyPattern.csproj", "{41A8AFD7-9699-44F2-A992-5340E717BFCD}"
EndProject
Project("{FAE04EC0-301F-11D3-BF4B-00C04F79EFBC}") = "DecoratePattern", "DecoratePattern\DecoratePattern\DecoratePattern.csproj", "{863663A6-A2AF-4FAA-9FBD-75C8100420DB}"
EndProject
Project("{FAE04EC0-301F-11D3-BF4B-00C04F79EFBC}") = "DecoratorTests", "DecoratePattern\DecoratePatternTests\DecoratorTests.csproj", "{9A6F47AF-A80C-4338-B1CB-6CC3D43B693B}"
EndProject
Project("{FAE04EC0-301F-11D3-BF4B-00C04F79EFBC}") = "CommandPattern", "CommandPattern\CommandPattern.csproj", "{0A3C9A75-257D-4A74-A0A3-AC1527681465}"
EndProject
Project("{FAE04EC0-301F-11D3-BF4B-00C04F79EFBC}") = "CompositePattern", "CompositePattern\CompositePattern.csproj", "{B23426BE-04DA-4835-A1CD-8C3251FDD388}"
EndProject
Project("{FAE04EC0-301F-11D3-BF4B-00C04F79EFBC}") = "StatePattern", "StatePattern\StatePattern.csproj", "{10EC9E65-1D6F-4B0D-A06C-9F5BF5306505}"
EndProject
Project("{FAE04EC0-301F-11D3-BF4B-00C04F79EFBC}") = "StatePatternTests", "StatePatternTests\StatePatternTests.csproj", "{5D69CC35-D38F-47AF-9BF3-2F81D69442CE}"
EndProject
Project("{FAE04EC0-301F-11D3-BF4B-00C04F79EFBC}") = "MediatorPattern", "MediatorPattern\MediatorPattern.csproj", "{B7B1451B-21CB-49A0-BADF-B5758AEFFD82}"
EndProject
Project("{FAE04EC0-301F-11D3-BF4B-00C04F79EFBC}") = "TemplatePattern", "TemplatePattern\TemplatePattern.csproj", "{10392CBE-21FF-45DA-A1B1-5F71E356740F}"
EndProject
Project("{FAE04EC0-301F-11D3-BF4B-00C04F79EFBC}") = "StrategyPattern", "StrategyPattern\StrategyPattern.csproj", "{1BF8C0B1-23F7-497C-94EE-EA239936E730}"
EndProject
Project("{FAE04EC0-301F-11D3-BF4B-00C04F79EFBC}") = "StrategyPatternTests", "StrategyPatternTests\StrategyPatternTests.csproj", "{9858DFFF-FC73-491F-AE59-E91E588E90A8}"
EndProject
Project("{FAE04EC0-301F-11D3-BF4B-00C04F79EFBC}") = "NullObjectPattern", "NullObjectPattern\NullObjectPattern.csproj", "{B44B3D59-73E8-4D10-898A-13DA8CB788E5}"
EndProject
Global
	GlobalSection(SolutionConfigurationPlatforms) = preSolution
		Debug|Any CPU = Debug|Any CPU
		Release|Any CPU = Release|Any CPU
	EndGlobalSection
	GlobalSection(ProjectConfigurationPlatforms) = postSolution
		{2348B810-4970-4B49-B839-492338FAA74A}.Debug|Any CPU.ActiveCfg = Debug|Any CPU
		{2348B810-4970-4B49-B839-492338FAA74A}.Debug|Any CPU.Build.0 = Debug|Any CPU
		{2348B810-4970-4B49-B839-492338FAA74A}.Release|Any CPU.ActiveCfg = Release|Any CPU
		{2348B810-4970-4B49-B839-492338FAA74A}.Release|Any CPU.Build.0 = Release|Any CPU
		{35A3A267-4ECC-411D-A163-E718A17AED30}.Debug|Any CPU.ActiveCfg = Debug|Any CPU
		{35A3A267-4ECC-411D-A163-E718A17AED30}.Debug|Any CPU.Build.0 = Debug|Any CPU
		{35A3A267-4ECC-411D-A163-E718A17AED30}.Release|Any CPU.ActiveCfg = Release|Any CPU
		{35A3A267-4ECC-411D-A163-E718A17AED30}.Release|Any CPU.Build.0 = Release|Any CPU
		{81DD9CC8-42FD-4BC7-8E1A-030CB7DA8576}.Debug|Any CPU.ActiveCfg = Debug|Any CPU
		{81DD9CC8-42FD-4BC7-8E1A-030CB7DA8576}.Debug|Any CPU.Build.0 = Debug|Any CPU
		{81DD9CC8-42FD-4BC7-8E1A-030CB7DA8576}.Release|Any CPU.ActiveCfg = Release|Any CPU
		{81DD9CC8-42FD-4BC7-8E1A-030CB7DA8576}.Release|Any CPU.Build.0 = Release|Any CPU
		{D3D657F1-A949-4BF4-B8A5-280C8024C398}.Debug|Any CPU.ActiveCfg = Debug|Any CPU
		{D3D657F1-A949-4BF4-B8A5-280C8024C398}.Debug|Any CPU.Build.0 = Debug|Any CPU
		{D3D657F1-A949-4BF4-B8A5-280C8024C398}.Release|Any CPU.ActiveCfg = Release|Any CPU
		{D3D657F1-A949-4BF4-B8A5-280C8024C398}.Release|Any CPU.Build.0 = Release|Any CPU
		{AB99CF29-C71A-4F11-9E81-7DE2FB2AE96C}.Debug|Any CPU.ActiveCfg = Debug|Any CPU
		{AB99CF29-C71A-4F11-9E81-7DE2FB2AE96C}.Debug|Any CPU.Build.0 = Debug|Any CPU
		{AB99CF29-C71A-4F11-9E81-7DE2FB2AE96C}.Release|Any CPU.ActiveCfg = Release|Any CPU
		{AB99CF29-C71A-4F11-9E81-7DE2FB2AE96C}.Release|Any CPU.Build.0 = Release|Any CPU
		{41A8AFD7-9699-44F2-A992-5340E717BFCD}.Debug|Any CPU.ActiveCfg = Debug|Any CPU
		{41A8AFD7-9699-44F2-A992-5340E717BFCD}.Debug|Any CPU.Build.0 = Debug|Any CPU
		{41A8AFD7-9699-44F2-A992-5340E717BFCD}.Release|Any CPU.ActiveCfg = Release|Any CPU
		{41A8AFD7-9699-44F2-A992-5340E717BFCD}.Release|Any CPU.Build.0 = Release|Any CPU
		{863663A6-A2AF-4FAA-9FBD-75C8100420DB}.Debug|Any CPU.ActiveCfg = Debug|Any CPU
		{863663A6-A2AF-4FAA-9FBD-75C8100420DB}.Debug|Any CPU.Build.0 = Debug|Any CPU
		{863663A6-A2AF-4FAA-9FBD-75C8100420DB}.Release|Any CPU.ActiveCfg = Release|Any CPU
		{863663A6-A2AF-4FAA-9FBD-75C8100420DB}.Release|Any CPU.Build.0 = Release|Any CPU
		{9A6F47AF-A80C-4338-B1CB-6CC3D43B693B}.Debug|Any CPU.ActiveCfg = Debug|Any CPU
		{9A6F47AF-A80C-4338-B1CB-6CC3D43B693B}.Debug|Any CPU.Build.0 = Debug|Any CPU
		{9A6F47AF-A80C-4338-B1CB-6CC3D43B693B}.Release|Any CPU.ActiveCfg = Release|Any CPU
		{9A6F47AF-A80C-4338-B1CB-6CC3D43B693B}.Release|Any CPU.Build.0 = Release|Any CPU
		{0A3C9A75-257D-4A74-A0A3-AC1527681465}.Debug|Any CPU.ActiveCfg = Debug|Any CPU
		{0A3C9A75-257D-4A74-A0A3-AC1527681465}.Debug|Any CPU.Build.0 = Debug|Any CPU
		{0A3C9A75-257D-4A74-A0A3-AC1527681465}.Release|Any CPU.ActiveCfg = Release|Any CPU
		{0A3C9A75-257D-4A74-A0A3-AC1527681465}.Release|Any CPU.Build.0 = Release|Any CPU
		{B23426BE-04DA-4835-A1CD-8C3251FDD388}.Debug|Any CPU.ActiveCfg = Debug|Any CPU
		{B23426BE-04DA-4835-A1CD-8C3251FDD388}.Debug|Any CPU.Build.0 = Debug|Any CPU
		{B23426BE-04DA-4835-A1CD-8C3251FDD388}.Release|Any CPU.ActiveCfg = Release|Any CPU
		{B23426BE-04DA-4835-A1CD-8C3251FDD388}.Release|Any CPU.Build.0 = Release|Any CPU
		{10EC9E65-1D6F-4B0D-A06C-9F5BF5306505}.Debug|Any CPU.ActiveCfg = Debug|Any CPU
		{10EC9E65-1D6F-4B0D-A06C-9F5BF5306505}.Debug|Any CPU.Build.0 = Debug|Any CPU
		{10EC9E65-1D6F-4B0D-A06C-9F5BF5306505}.Release|Any CPU.ActiveCfg = Release|Any CPU
		{10EC9E65-1D6F-4B0D-A06C-9F5BF5306505}.Release|Any CPU.Build.0 = Release|Any CPU
		{5D69CC35-D38F-47AF-9BF3-2F81D69442CE}.Debug|Any CPU.ActiveCfg = Debug|Any CPU
		{5D69CC35-D38F-47AF-9BF3-2F81D69442CE}.Debug|Any CPU.Build.0 = Debug|Any CPU
		{5D69CC35-D38F-47AF-9BF3-2F81D69442CE}.Release|Any CPU.ActiveCfg = Release|Any CPU
		{5D69CC35-D38F-47AF-9BF3-2F81D69442CE}.Release|Any CPU.Build.0 = Release|Any CPU
		{B7B1451B-21CB-49A0-BADF-B5758AEFFD82}.Debug|Any CPU.ActiveCfg = Debug|Any CPU
		{B7B1451B-21CB-49A0-BADF-B5758AEFFD82}.Debug|Any CPU.Build.0 = Debug|Any CPU
		{B7B1451B-21CB-49A0-BADF-B5758AEFFD82}.Release|Any CPU.ActiveCfg = Release|Any CPU
		{B7B1451B-21CB-49A0-BADF-B5758AEFFD82}.Release|Any CPU.Build.0 = Release|Any CPU
		{10392CBE-21FF-45DA-A1B1-5F71E356740F}.Debug|Any CPU.ActiveCfg = Debug|Any CPU
		{10392CBE-21FF-45DA-A1B1-5F71E356740F}.Debug|Any CPU.Build.0 = Debug|Any CPU
		{10392CBE-21FF-45DA-A1B1-5F71E356740F}.Release|Any CPU.ActiveCfg = Release|Any CPU
		{10392CBE-21FF-45DA-A1B1-5F71E356740F}.Release|Any CPU.Build.0 = Release|Any CPU
		{1BF8C0B1-23F7-497C-94EE-EA239936E730}.Debug|Any CPU.ActiveCfg = Debug|Any CPU
		{1BF8C0B1-23F7-497C-94EE-EA239936E730}.Debug|Any CPU.Build.0 = Debug|Any CPU
		{1BF8C0B1-23F7-497C-94EE-EA239936E730}.Release|Any CPU.ActiveCfg = Release|Any CPU
		{1BF8C0B1-23F7-497C-94EE-EA239936E730}.Release|Any CPU.Build.0 = Release|Any CPU
		{9858DFFF-FC73-491F-AE59-E91E588E90A8}.Debug|Any CPU.ActiveCfg = Debug|Any CPU
		{9858DFFF-FC73-491F-AE59-E91E588E90A8}.Debug|Any CPU.Build.0 = Debug|Any CPU
		{9858DFFF-FC73-491F-AE59-E91E588E90A8}.Release|Any CPU.ActiveCfg = Release|Any CPU
		{9858DFFF-FC73-491F-AE59-E91E588E90A8}.Release|Any CPU.Build.0 = Release|Any CPU
		{B44B3D59-73E8-4D10-898A-13DA8CB788E5}.Debug|Any CPU.ActiveCfg = Debug|Any CPU
		{B44B3D59-73E8-4D10-898A-13DA8CB788E5}.Debug|Any CPU.Build.0 = Debug|Any CPU
		{B44B3D59-73E8-4D10-898A-13DA8CB788E5}.Release|Any CPU.ActiveCfg = Release|Any CPU
		{B44B3D59-73E8-4D10-898A-13DA8CB788E5}.Release|Any CPU.Build.0 = Release|Any CPU
	EndGlobalSection
	GlobalSection(SolutionProperties) = preSolution
		HideSolutionNode = FALSE
	EndGlobalSection
EndGlobal
